
Microsoft Visual Studio Solution File, Format Version 12.00
# Visual Studio Version 16
VisualStudioVersion = 16.0.30503.244
MinimumVisualStudioVersion = 10.0.40219.1
Project("{FAE04EC0-301F-11D3-BF4B-00C04F79EFBC}") = "CSharpThirdLab", "CSharpThirdLab\CSharpThirdLab.csproj", "{375373EA-5981-4D15-A97B-2E4C598A07DC}"
EndProject
Global
	GlobalSection(SolutionConfigurationPlatforms) = preSolution
		Debug|Any CPU = Debug|Any CPU
		Release|Any CPU = Release|Any CPU
	EndGlobalSection
	GlobalSection(ProjectConfigurationPlatforms) = postSolution
		{375373EA-5981-4D15-A97B-2E4C598A07DC}.Debug|Any CPU.ActiveCfg = Debug|Any CPU
		{375373EA-5981-4D15-A97B-2E4C598A07DC}.Debug|Any CPU.Build.0 = Debug|Any CPU
		{375373EA-5981-4D15-A97B-2E4C598A07DC}.Release|Any CPU.ActiveCfg = Release|Any CPU
		{375373EA-5981-4D15-A97B-2E4C598A07DC}.Release|Any CPU.Build.0 = Release|Any CPU
	EndGlobalSection
	GlobalSection(SolutionProperties) = preSolution
		HideSolutionNode = FALSE
	EndGlobalSection
	GlobalSection(ExtensibilityGlobals) = postSolution
		SolutionGuid = {8B3E26C0-FCDC-490B-BAD8-0CA5EEBE4004}
	EndGlobalSection
EndGlobal
